{
  "name": "site",
  "lockfileVersion": 3,
  "requires": true,
  "packages": {
    "": {
      "dependencies": {
        "@cognipilot/rumoca": "0.9.8"
      }
    },
    "node_modules/@cognipilot/rumoca": {
      "version": "0.9.8",
      "resolved": "https://registry.npmjs.org/@cognipilot/rumoca/-/rumoca-0.9.8.tgz",
      "integrity": "sha512-UL0CU92tmIo8JnD/Qp7zqaJ0ppAzGJLLJ4UiumTvoP4V5z8/ghNaLMI2Ypw1q+pRs1T1g3quzJdslyJopwwXdg==",
      "license": "Apache-2.0"
    }
  }
}
